{
  "name": "tryitfirst",
  "lockfileVersion": 3,
  "requires": true,
  "packages": {
    "": {
      "name": "tryitfirst",
      "dependencies": {
        "sinatra": "^0.0.5"
      }
    },
    "node_modules/sinatra": {
      "version": "0.0.5",
      "resolved": "https://registry.npmjs.org/sinatra/-/sinatra-0.0.5.tgz",
      "integrity": "sha512-HQ0L0XaJrbx++rtQZgmVoGRqk2yhRX6+E7+AKN1nKyHFU6evCTQWzkYJnbPKq3eP0ant6dYyUQofH37Kf6Ad1w=="
    }
  }
}
